
Microsoft Visual Studio Solution File, Format Version 12.00
# Visual Studio 15
VisualStudioVersion = 15.0.26403.7
MinimumVisualStudioVersion = 10.0.40219.1
Project("{FAE04EC0-301F-11D3-BF4B-00C04F79EFBC}") = "LockStepDemo", "LockStepDemo\LockStepDemo.csproj", "{B0429850-87BD-4953-A3CB-7BF83F3031E0}"
EndProject
Project("{FAE04EC0-301F-11D3-BF4B-00C04F79EFBC}") = "Tool_CSharp2Protocol", "CSharp2Protocol\Tool_CSharp2Protocol.csproj", "{9C63D92D-109D-4405-88F1-337C45B2B539}"
EndProject
Project("{FAE04EC0-301F-11D3-BF4B-00C04F79EFBC}") = "Tool_Protocol2CSharp", "Protocol2CSharp\Tool_Protocol2CSharp.csproj", "{9E83EFB5-EC4A-4243-9FF3-E9CB76656B81}"
EndProject
Project("{FAE04EC0-301F-11D3-BF4B-00C04F79EFBC}") = "Tool_GenerateAnalysisCode", "Tool_GenerateAnalysisCode\Tool_GenerateAnalysisCode.csproj", "{2D32A0A9-BD81-4216-8E5D-8F3507AF8618}"
EndProject
Global
	GlobalSection(SolutionConfigurationPlatforms) = preSolution
		Debug|Any CPU = Debug|Any CPU
		Release|Any CPU = Release|Any CPU
	EndGlobalSection
	GlobalSection(ProjectConfigurationPlatforms) = postSolution
		{B0429850-87BD-4953-A3CB-7BF83F3031E0}.Debug|Any CPU.ActiveCfg = Debug|Any CPU
		{B0429850-87BD-4953-A3CB-7BF83F3031E0}.Debug|Any CPU.Build.0 = Debug|Any CPU
		{B0429850-87BD-4953-A3CB-7BF83F3031E0}.Release|Any CPU.ActiveCfg = Release|Any CPU
		{B0429850-87BD-4953-A3CB-7BF83F3031E0}.Release|Any CPU.Build.0 = Release|Any CPU
		{9C63D92D-109D-4405-88F1-337C45B2B539}.Debug|Any CPU.ActiveCfg = Debug|Any CPU
		{9C63D92D-109D-4405-88F1-337C45B2B539}.Debug|Any CPU.Build.0 = Debug|Any CPU
		{9C63D92D-109D-4405-88F1-337C45B2B539}.Release|Any CPU.ActiveCfg = Release|Any CPU
		{9C63D92D-109D-4405-88F1-337C45B2B539}.Release|Any CPU.Build.0 = Release|Any CPU
		{9E83EFB5-EC4A-4243-9FF3-E9CB76656B81}.Debug|Any CPU.ActiveCfg = Debug|Any CPU
		{9E83EFB5-EC4A-4243-9FF3-E9CB76656B81}.Debug|Any CPU.Build.0 = Debug|Any CPU
		{9E83EFB5-EC4A-4243-9FF3-E9CB76656B81}.Release|Any CPU.ActiveCfg = Release|Any CPU
		{9E83EFB5-EC4A-4243-9FF3-E9CB76656B81}.Release|Any CPU.Build.0 = Release|Any CPU
		{2D32A0A9-BD81-4216-8E5D-8F3507AF8618}.Debug|Any CPU.ActiveCfg = Debug|Any CPU
		{2D32A0A9-BD81-4216-8E5D-8F3507AF8618}.Debug|Any CPU.Build.0 = Debug|Any CPU
		{2D32A0A9-BD81-4216-8E5D-8F3507AF8618}.Release|Any CPU.ActiveCfg = Release|Any CPU
		{2D32A0A9-BD81-4216-8E5D-8F3507AF8618}.Release|Any CPU.Build.0 = Release|Any CPU
	EndGlobalSection
	GlobalSection(SolutionProperties) = preSolution
		HideSolutionNode = FALSE
	EndGlobalSection
EndGlobal
